
Microsoft Visual Studio Solution File, Format Version 12.00
# Visual Studio Version 17
VisualStudioVersion = 17.9.34902.65
MinimumVisualStudioVersion = 10.0.40219.1
Project("{FAE04EC0-301F-11D3-BF4B-00C04F79EFBC}") = "ClassandObject", "ClassandObject\ClassandObject.csproj", "{8CC933BA-76EB-4E6F-9B23-588604C3EFBA}"
EndProject
Project("{FAE04EC0-301F-11D3-BF4B-00C04F79EFBC}") = "Encapsulation", "Encapsulation\Encapsulation.csproj", "{742D3FAC-570E-480E-856F-F616F63EE9BF}"
EndProject
Project("{FAE04EC0-301F-11D3-BF4B-00C04F79EFBC}") = "Constructor", "Constructor\Constructor.csproj", "{F0DEE3A2-3B3B-453F-AF2A-FD377AB9782F}"
EndProject
Project("{FAE04EC0-301F-11D3-BF4B-00C04F79EFBC}") = "Inheritance", "Inheritance\Inheritance.csproj", "{CA2259BD-8FC1-4308-A44A-0B490AC5D318}"
EndProject
Global
	GlobalSection(SolutionConfigurationPlatforms) = preSolution
		Debug|Any CPU = Debug|Any CPU
		Release|Any CPU = Release|Any CPU
	EndGlobalSection
	GlobalSection(ProjectConfigurationPlatforms) = postSolution
		{8CC933BA-76EB-4E6F-9B23-588604C3EFBA}.Debug|Any CPU.ActiveCfg = Debug|Any CPU
		{8CC933BA-76EB-4E6F-9B23-588604C3EFBA}.Debug|Any CPU.Build.0 = Debug|Any CPU
		{8CC933BA-76EB-4E6F-9B23-588604C3EFBA}.Release|Any CPU.ActiveCfg = Release|Any CPU
		{8CC933BA-76EB-4E6F-9B23-588604C3EFBA}.Release|Any CPU.Build.0 = Release|Any CPU
		{742D3FAC-570E-480E-856F-F616F63EE9BF}.Debug|Any CPU.ActiveCfg = Debug|Any CPU
		{742D3FAC-570E-480E-856F-F616F63EE9BF}.Debug|Any CPU.Build.0 = Debug|Any CPU
		{742D3FAC-570E-480E-856F-F616F63EE9BF}.Release|Any CPU.ActiveCfg = Release|Any CPU
		{742D3FAC-570E-480E-856F-F616F63EE9BF}.Release|Any CPU.Build.0 = Release|Any CPU
		{F0DEE3A2-3B3B-453F-AF2A-FD377AB9782F}.Debug|Any CPU.ActiveCfg = Debug|Any CPU
		{F0DEE3A2-3B3B-453F-AF2A-FD377AB9782F}.Debug|Any CPU.Build.0 = Debug|Any CPU
		{F0DEE3A2-3B3B-453F-AF2A-FD377AB9782F}.Release|Any CPU.ActiveCfg = Release|Any CPU
		{F0DEE3A2-3B3B-453F-AF2A-FD377AB9782F}.Release|Any CPU.Build.0 = Release|Any CPU
		{CA2259BD-8FC1-4308-A44A-0B490AC5D318}.Debug|Any CPU.ActiveCfg = Debug|Any CPU
		{CA2259BD-8FC1-4308-A44A-0B490AC5D318}.Debug|Any CPU.Build.0 = Debug|Any CPU
		{CA2259BD-8FC1-4308-A44A-0B490AC5D318}.Release|Any CPU.ActiveCfg = Release|Any CPU
		{CA2259BD-8FC1-4308-A44A-0B490AC5D318}.Release|Any CPU.Build.0 = Release|Any CPU
	EndGlobalSection
	GlobalSection(SolutionProperties) = preSolution
		HideSolutionNode = FALSE
	EndGlobalSection
	GlobalSection(ExtensibilityGlobals) = postSolution
		SolutionGuid = {769DC832-9027-49BD-88A5-920CD2EE6BB5}
	EndGlobalSection
EndGlobal
